
Microsoft Visual Studio Solution File, Format Version 12.00
# Visual Studio 15
VisualStudioVersion = 15.0.28307.757
MinimumVisualStudioVersion = 10.0.40219.1
Project("{9A19103F-16F7-4668-BE54-9A1E7A4F7556}") = "CommandLineExecution", "CommandLineExecution\CommandLineExecution.csproj", "{5B32803F-3BD9-4F5E-BED0-35F08E766D30}"
EndProject
Project("{9A19103F-16F7-4668-BE54-9A1E7A4F7556}") = "XUnitTestProject1", "XUnitTestProject1\XUnitTestProject1.csproj", "{9873A26D-3B13-4B23-A7EF-DB3AD785435A}"
EndProject
Project("{2150E333-8FDC-42A3-9474-1A3956D46DE8}") = "Solution Items", "Solution Items", "{6F345A65-ECD8-46DD-B827-56211FD424CC}"
	ProjectSection(SolutionItems) = preProject
		Output.txt = Output.txt
	EndProjectSection
EndProject
Global
	GlobalSection(SolutionConfigurationPlatforms) = preSolution
		Debug|Any CPU = Debug|Any CPU
		Release|Any CPU = Release|Any CPU
	EndGlobalSection
	GlobalSection(ProjectConfigurationPlatforms) = postSolution
		{5B32803F-3BD9-4F5E-BED0-35F08E766D30}.Debug|Any CPU.ActiveCfg = Debug|Any CPU
		{5B32803F-3BD9-4F5E-BED0-35F08E766D30}.Debug|Any CPU.Build.0 = Debug|Any CPU
		{5B32803F-3BD9-4F5E-BED0-35F08E766D30}.Release|Any CPU.ActiveCfg = Release|Any CPU
		{5B32803F-3BD9-4F5E-BED0-35F08E766D30}.Release|Any CPU.Build.0 = Release|Any CPU
		{9873A26D-3B13-4B23-A7EF-DB3AD785435A}.Debug|Any CPU.ActiveCfg = Debug|Any CPU
		{9873A26D-3B13-4B23-A7EF-DB3AD785435A}.Debug|Any CPU.Build.0 = Debug|Any CPU
		{9873A26D-3B13-4B23-A7EF-DB3AD785435A}.Release|Any CPU.ActiveCfg = Release|Any CPU
		{9873A26D-3B13-4B23-A7EF-DB3AD785435A}.Release|Any CPU.Build.0 = Release|Any CPU
	EndGlobalSection
	GlobalSection(SolutionProperties) = preSolution
		HideSolutionNode = FALSE
	EndGlobalSection
	GlobalSection(ExtensibilityGlobals) = postSolution
		SolutionGuid = {6FA89C51-96E8-4D2E-8396-6273BCE52182}
	EndGlobalSection
EndGlobal
